schema: '2.0'
stages:
  review_scraping:
    cmd: python src/ReviewScraperwithSentimentAnalysis/components/data_ingestion_single.py
    deps:
    - path: src/ReviewScraperwithSentimentAnalysis/components/data_ingestion_single.py
      md5: 0d25907c0c84b838ef328ce5f2c35d4f
      size: 6498
    - path: src/ReviewScraperwithSentimentAnalysis/utils
      md5: 511798724b249d2e48fa923fec64488b.dir
      size: 8316
      nfiles: 8
    outs:
    - path: artifact/data_ingestion
      md5: d0778024b157d1c5bc8b6703160b6b9d.dir
      size: 167874
      nfiles: 16
  data_preprocessing:
    cmd: python src/ReviewScraperwithSentimentAnalysis/components/text_preprocessing.py
    deps:
    - path: artifact/data_ingestion/review.csv
      md5: e3b92e40b24b27fc5df607f6726f06b7
      size: 14
    - path: src/ReviewScraperwithSentimentAnalysis/components/text_preprocessing.py
      md5: bf09623099e07d7401764010e03f36d2
      size: 4184
    - path: src/ReviewScraperwithSentimentAnalysis/utils
      md5: 2f33d663d32f10747fd202ee22ca28c2.dir
      size: 9605
      nfiles: 8
    outs:
    - path: artifact/text_preprocessing
      md5: f5113d2920a9c4ef63a68c30eea9202b.dir
      size: 14
      nfiles: 1
  download_pretrain_model:
    cmd: python src/ReviewScraperwithSentimentAnalysis/components/hugging_face_pretrained.py
    deps:
    - path: src/ReviewScraperwithSentimentAnalysis/components/hugging_face_pretrained.py
      md5: 853d0b29fdd1399880df90debe94c47c
      size: 1311
    - path: src/ReviewScraperwithSentimentAnalysis/utils
      md5: 2f33d663d32f10747fd202ee22ca28c2.dir
      size: 9605
      nfiles: 8
    outs:
    - path: artifact/pretrained_model
      md5: 85b63502aa3deaa1fe8fb639505e10e0.dir
      size: 1425369542
      nfiles: 7
  split_reviews:
    cmd: python src/ReviewScraperwithSentimentAnalysis/components/reviews_split.py
    deps:
    - path: artifact/data_ingestion/review.csv
      md5: e3b92e40b24b27fc5df607f6726f06b7
      size: 14
    - path: src/ReviewScraperwithSentimentAnalysis/components/reviews_split.py
      md5: faa251596d353bc57917364e65dc1310
      size: 7199
    - path: src/ReviewScraperwithSentimentAnalysis/utils
      md5: 2f33d663d32f10747fd202ee22ca28c2.dir
      size: 9605
      nfiles: 8
    outs:
    - path: artifact/review_split
      md5: 48542db3d0b3ad9acede9d0782f10835.dir
      size: 2451
      nfiles: 4
  prediction:
    cmd: python src/ReviewScraperwithSentimentAnalysis/components/prediction.py
    deps:
    - path: artifact/pretrained_model
      md5: 85b63502aa3deaa1fe8fb639505e10e0.dir
      size: 1425369542
      nfiles: 7
    - path: artifact/review_split
      md5: 7cd019853819ff58c797e45f7f86d61e.dir
      size: 3125
      nfiles: 4
    - path: src/ReviewScraperwithSentimentAnalysis/components/prediction.py
      md5: 1b8cf5293e709f005e03bb778f2fd1b4
      size: 4457
    - path: src/ReviewScraperwithSentimentAnalysis/utils
      md5: ca8db8c3b6c4d4785c982855bc11b132.dir
      size: 8331
      nfiles: 8
    outs:
    - path: artifact/prediction
      md5: af0f657c95d70aa16fa833ab6e330092.dir
      size: 101
      nfiles: 1
