schema: '2.0'
stages:
  review_scraping:
    cmd: python src/ReviewScraperwithSentimentAnalysis/components/data_ingestion_single.py
    deps:
    - path: src/ReviewScraperwithSentimentAnalysis/components/data_ingestion_single.py
      md5: 0d25907c0c84b838ef328ce5f2c35d4f
      size: 6498
    - path: src/ReviewScraperwithSentimentAnalysis/utils
      md5: 511798724b249d2e48fa923fec64488b.dir
      size: 8316
      nfiles: 8
    outs:
    - path: artifact/data_ingestion
      md5: d0778024b157d1c5bc8b6703160b6b9d.dir
      size: 167874
      nfiles: 16
  data_preprocessing:
    cmd: python src/ReviewScraperwithSentimentAnalysis/components/text_preprocessing.py
    deps:
    - path: artifact/data_ingestion/review.csv
      md5: fa605072a71bf9dcb1c3f389f93e1cbc
      size: 2960
    - path: src/ReviewScraperwithSentimentAnalysis/components/text_preprocessing.py
      md5: bf09623099e07d7401764010e03f36d2
      size: 4184
    - path: src/ReviewScraperwithSentimentAnalysis/utils
      md5: 054db705397a3ecd07342c4962eb1e3c.dir
      size: 9605
      nfiles: 8
    outs:
    - path: artifact/text_preprocessing
      md5: 1ca89a5f5ab18dac83572cab64020ca6.dir
      size: 2701
      nfiles: 1
  split_reviews:
    cmd: python src/ReviewScraperwithSentimentAnalysis/components/reviews_split.py
    deps:
    - path: artifact/data_ingestion/review.csv
      md5: fa605072a71bf9dcb1c3f389f93e1cbc
      size: 2960
    - path: src/ReviewScraperwithSentimentAnalysis/components/reviews_split.py
      md5: f24b5960e1fb4a71b1383cc8a40d2c49
      size: 7246
    - path: src/ReviewScraperwithSentimentAnalysis/utils
      md5: 054db705397a3ecd07342c4962eb1e3c.dir
      size: 9605
      nfiles: 8
    outs:
    - path: artifact/review_split
      md5: 4eea5910740c55710a84eba7ceb2fb58.dir
      size: 6066
      nfiles: 4
  prediction:
    cmd: python src/ReviewScraperwithSentimentAnalysis/components/prediction.py
    deps:
    - path: artifact/review_split
      md5: 4eea5910740c55710a84eba7ceb2fb58.dir
      size: 6066
      nfiles: 4
    - path: pretrained_model
      md5: 85b63502aa3deaa1fe8fb639505e10e0.dir
      size: 1425369542
      nfiles: 7
    - path: src/ReviewScraperwithSentimentAnalysis/components/prediction.py
      md5: 19c85074afb0b4e76e17a4f4fe2bf223
      size: 7369
    - path: src/ReviewScraperwithSentimentAnalysis/utils
      md5: 054db705397a3ecd07342c4962eb1e3c.dir
      size: 9605
      nfiles: 8
    outs:
    - path: artifact/prediction
      md5: 708baf455e9c061dc9e61cb1178abbfc.dir
      size: 49
      nfiles: 1
